
Microsoft Visual Studio Solution File, Format Version 12.00
# Visual Studio Version 17
VisualStudioVersion = 17.2.32630.192
MinimumVisualStudioVersion = 10.0.40219.1
Project("{FAE04EC0-301F-11D3-BF4B-00C04F79EFBC}") = "RunGroopWebApp", "RunGroopWebApp\RunGroopWebApp.csproj", "{A322952B-7B43-4548-8D7F-524F416DE2F0}"
EndProject
Global
	GlobalSection(SolutionConfigurationPlatforms) = preSolution
		Debug|Any CPU = Debug|Any CPU
		Release|Any CPU = Release|Any CPU
	EndGlobalSection
	GlobalSection(ProjectConfigurationPlatforms) = postSolution
		{A322952B-7B43-4548-8D7F-524F416DE2F0}.Debug|Any CPU.ActiveCfg = Debug|Any CPU
		{A322952B-7B43-4548-8D7F-524F416DE2F0}.Debug|Any CPU.Build.0 = Debug|Any CPU
		{A322952B-7B43-4548-8D7F-524F416DE2F0}.Release|Any CPU.ActiveCfg = Release|Any CPU
		{A322952B-7B43-4548-8D7F-524F416DE2F0}.Release|Any CPU.Build.0 = Release|Any CPU
	EndGlobalSection
	GlobalSection(SolutionProperties) = preSolution
		HideSolutionNode = FALSE
	EndGlobalSection
	GlobalSection(ExtensibilityGlobals) = postSolution
		SolutionGuid = {19EAA7C5-9F04-4603-BAC4-7504774E3341}
	EndGlobalSection
EndGlobal
